
Microsoft Visual Studio Solution File, Format Version 12.00
# Visual Studio Version 17
VisualStudioVersion = 17.5.33530.505
MinimumVisualStudioVersion = 10.0.40219.1
Project("{FAE04EC0-301F-11D3-BF4B-00C04F79EFBC}") = "AmBypass", "AmBypass\AmBypass.csproj", "{A83F27A5-0F88-4F56-8904-9C839B820112}"
EndProject
Global
	GlobalSection(SolutionConfigurationPlatforms) = preSolution
		Debug|Any CPU = Debug|Any CPU
		Release|Any CPU = Release|Any CPU
	EndGlobalSection
	GlobalSection(ProjectConfigurationPlatforms) = postSolution
		{A83F27A5-0F88-4F56-8904-9C839B820112}.Debug|Any CPU.ActiveCfg = Debug|Any CPU
		{A83F27A5-0F88-4F56-8904-9C839B820112}.Debug|Any CPU.Build.0 = Debug|Any CPU
		{A83F27A5-0F88-4F56-8904-9C839B820112}.Release|Any CPU.ActiveCfg = Release|Any CPU
		{A83F27A5-0F88-4F56-8904-9C839B820112}.Release|Any CPU.Build.0 = Release|Any CPU
	EndGlobalSection
	GlobalSection(SolutionProperties) = preSolution
		HideSolutionNode = FALSE
	EndGlobalSection
	GlobalSection(ExtensibilityGlobals) = postSolution
		SolutionGuid = {FBEEEFC3-B148-4BE3-8539-736FBE24155B}
	EndGlobalSection
EndGlobal
